
Microsoft Visual Studio Solution File, Format Version 12.00
# Visual Studio Version 17
VisualStudioVersion = 17.1.32319.34
MinimumVisualStudioVersion = 10.0.40219.1
Project("{9A19103F-16F7-4668-BE54-9A1E7A4F7556}") = "AnalisadorLexico", "AnalisadorLexico.csproj", "{3ACA0C22-F536-4797-BE2E-20CE7D87824B}"
EndProject
Project("{FAE04EC0-301F-11D3-BF4B-00C04F79EFBC}") = "AnalisadorSintatico", "..\AnalisadorSintatico\AnalisadorSintatico.csproj", "{BA534BC8-C0D1-4267-81AE-B37636EF205C}"
EndProject
Global
	GlobalSection(SolutionConfigurationPlatforms) = preSolution
		Debug|Any CPU = Debug|Any CPU
		Release|Any CPU = Release|Any CPU
	EndGlobalSection
	GlobalSection(ProjectConfigurationPlatforms) = postSolution
		{3ACA0C22-F536-4797-BE2E-20CE7D87824B}.Debug|Any CPU.ActiveCfg = Debug|Any CPU
		{3ACA0C22-F536-4797-BE2E-20CE7D87824B}.Debug|Any CPU.Build.0 = Debug|Any CPU
		{3ACA0C22-F536-4797-BE2E-20CE7D87824B}.Release|Any CPU.ActiveCfg = Release|Any CPU
		{3ACA0C22-F536-4797-BE2E-20CE7D87824B}.Release|Any CPU.Build.0 = Release|Any CPU
		{BA534BC8-C0D1-4267-81AE-B37636EF205C}.Debug|Any CPU.ActiveCfg = Debug|Any CPU
		{BA534BC8-C0D1-4267-81AE-B37636EF205C}.Debug|Any CPU.Build.0 = Debug|Any CPU
		{BA534BC8-C0D1-4267-81AE-B37636EF205C}.Release|Any CPU.ActiveCfg = Release|Any CPU
		{BA534BC8-C0D1-4267-81AE-B37636EF205C}.Release|Any CPU.Build.0 = Release|Any CPU
	EndGlobalSection
	GlobalSection(SolutionProperties) = preSolution
		HideSolutionNode = FALSE
	EndGlobalSection
	GlobalSection(ExtensibilityGlobals) = postSolution
		SolutionGuid = {F3E579B1-A4A4-46A7-9BB1-28823D9F8B5B}
	EndGlobalSection
EndGlobal
